
Microsoft Visual Studio Solution File, Format Version 12.00
# Visual Studio 15
VisualStudioVersion = 15.0.27428.2037
MinimumVisualStudioVersion = 10.0.40219.1
Project("{FAE04EC0-301F-11D3-BF4B-00C04F79EFBC}") = "DrivingNotifierAPI", "DrivingNotifierAPI\DrivingNotifierAPI.csproj", "{DAB13899-6A92-4FE7-A717-FED099763612}"
EndProject
Global
	GlobalSection(SolutionConfigurationPlatforms) = preSolution
		Debug|Any CPU = Debug|Any CPU
		Release|Any CPU = Release|Any CPU
	EndGlobalSection
	GlobalSection(ProjectConfigurationPlatforms) = postSolution
		{DAB13899-6A92-4FE7-A717-FED099763612}.Debug|Any CPU.ActiveCfg = Debug|Any CPU
		{DAB13899-6A92-4FE7-A717-FED099763612}.Debug|Any CPU.Build.0 = Debug|Any CPU
		{DAB13899-6A92-4FE7-A717-FED099763612}.Release|Any CPU.ActiveCfg = Release|Any CPU
		{DAB13899-6A92-4FE7-A717-FED099763612}.Release|Any CPU.Build.0 = Release|Any CPU
	EndGlobalSection
	GlobalSection(SolutionProperties) = preSolution
		HideSolutionNode = FALSE
	EndGlobalSection
	GlobalSection(ExtensibilityGlobals) = postSolution
		SolutionGuid = {1F726255-E7F5-4857-94EA-212D739DB21F}
	EndGlobalSection
EndGlobal
